
Microsoft Visual Studio Solution File, Format Version 12.00
# Visual Studio Version 16
VisualStudioVersion = 16.0.30804.86
MinimumVisualStudioVersion = 10.0.40219.1
Project("{2150E333-8FDC-42A3-9474-1A3956D46DE8}") = "Services", "Services", "{539A8067-53DB-48F9-9E89-C16E923EEACB}"
EndProject
Project("{2150E333-8FDC-42A3-9474-1A3956D46DE8}") = "Catalog", "Catalog", "{17767278-E704-4514-8335-8078E13F2FB3}"
EndProject
Project("{9A19103F-16F7-4668-BE54-9A1E7A4F7556}") = "Catalog.API", "Services\Catalog\Catalog.API\Catalog.API.csproj", "{C58F5135-6A2B-46B4-86A3-D78C2E3DDF44}"
EndProject
Project("{E53339B2-1760-4266-BCC7-CA923CBCF16C}") = "docker-compose", "docker-compose.dcproj", "{117DD17C-B0E8-4264-AEB6-20E3CECE53DC}"
EndProject
Project("{2150E333-8FDC-42A3-9474-1A3956D46DE8}") = "Basket", "Basket", "{34C3A9BE-5735-4409-AE29-F195E8D7ACAE}"
EndProject
Project("{9A19103F-16F7-4668-BE54-9A1E7A4F7556}") = "Basket.API", "Services\Basket\Basket.API\Basket.API.csproj", "{C05980EF-4BCE-49B2-9D73-FC54C474A2E0}"
EndProject
Project("{2150E333-8FDC-42A3-9474-1A3956D46DE8}") = "Discount", "Discount", "{1052B32D-A83F-4372-A00C-B54CC2A6E65E}"
EndProject
Project("{9A19103F-16F7-4668-BE54-9A1E7A4F7556}") = "Discount.API", "Services\Discount\Discount.API\Discount.API.csproj", "{8972665F-5270-4937-89CE-B6190EF3E227}"
EndProject
Project("{9A19103F-16F7-4668-BE54-9A1E7A4F7556}") = "Discount.Grpc", "Services\Discount\Discount.Grpc\Discount.Grpc.csproj", "{3EE32CEF-F3BB-4C7A-8092-0472586EA157}"
EndProject
Project("{2150E333-8FDC-42A3-9474-1A3956D46DE8}") = "Ordering", "Ordering", "{95CD9B8D-C227-4B4B-A59F-DC4CEDBECA26}"
EndProject
Project("{9A19103F-16F7-4668-BE54-9A1E7A4F7556}") = "Ordering.API", "Services\Ordering\Ordering.API\Ordering.API.csproj", "{E8DB0C93-9C16-4E33-A2EA-4E87F2B1AB23}"
EndProject
Project("{9A19103F-16F7-4668-BE54-9A1E7A4F7556}") = "Ordering.Domain", "Services\Ordering\Ordering.Domain\Ordering.Domain.csproj", "{DC907476-00C6-4467-B497-2F3F452FAE19}"
EndProject
Project("{9A19103F-16F7-4668-BE54-9A1E7A4F7556}") = "Ordering.Application", "Services\Ordering\Ordering.Application\Ordering.Application.csproj", "{23133AB9-2D9D-40F2-9E0A-8657ED3B3803}"
EndProject
Project("{9A19103F-16F7-4668-BE54-9A1E7A4F7556}") = "Ordering.Infrastructure", "Services\Ordering\Ordering.Infrastructure\Ordering.Infrastructure.csproj", "{7C662031-13D0-4E57-9820-D1240544A88F}"
EndProject
Project("{2150E333-8FDC-42A3-9474-1A3956D46DE8}") = "BuildingBlocks", "BuildingBlocks", "{4049219E-E04B-480A-87CE-B454D3F9098F}"
EndProject
Project("{9A19103F-16F7-4668-BE54-9A1E7A4F7556}") = "EventBus.Messages", "BuildingBlocks\EventBus.Messages\EventBus.Messages.csproj", "{2363517C-D246-4137-A0BB-FCE0730651E3}"
EndProject
Project("{2150E333-8FDC-42A3-9474-1A3956D46DE8}") = "ApiGateways", "ApiGateways", "{F932FA6A-5F86-471B-A824-F90A6B633232}"
EndProject
Project("{FAE04EC0-301F-11D3-BF4B-00C04F79EFBC}") = "OcelotApiGw", "ApiGateways\OcelotApiGw\OcelotApiGw.csproj", "{8B3C2713-BC0F-4047-AF11-432DDAA0D7A4}"
EndProject
Global
	GlobalSection(SolutionConfigurationPlatforms) = preSolution
		Debug|Any CPU = Debug|Any CPU
		Release|Any CPU = Release|Any CPU
	EndGlobalSection
	GlobalSection(ProjectConfigurationPlatforms) = postSolution
		{C58F5135-6A2B-46B4-86A3-D78C2E3DDF44}.Debug|Any CPU.ActiveCfg = Debug|Any CPU
		{C58F5135-6A2B-46B4-86A3-D78C2E3DDF44}.Debug|Any CPU.Build.0 = Debug|Any CPU
		{C58F5135-6A2B-46B4-86A3-D78C2E3DDF44}.Release|Any CPU.ActiveCfg = Release|Any CPU
		{C58F5135-6A2B-46B4-86A3-D78C2E3DDF44}.Release|Any CPU.Build.0 = Release|Any CPU
		{117DD17C-B0E8-4264-AEB6-20E3CECE53DC}.Debug|Any CPU.ActiveCfg = Debug|Any CPU
		{117DD17C-B0E8-4264-AEB6-20E3CECE53DC}.Debug|Any CPU.Build.0 = Debug|Any CPU
		{117DD17C-B0E8-4264-AEB6-20E3CECE53DC}.Release|Any CPU.ActiveCfg = Release|Any CPU
		{117DD17C-B0E8-4264-AEB6-20E3CECE53DC}.Release|Any CPU.Build.0 = Release|Any CPU
		{C05980EF-4BCE-49B2-9D73-FC54C474A2E0}.Debug|Any CPU.ActiveCfg = Debug|Any CPU
		{C05980EF-4BCE-49B2-9D73-FC54C474A2E0}.Debug|Any CPU.Build.0 = Debug|Any CPU
		{C05980EF-4BCE-49B2-9D73-FC54C474A2E0}.Release|Any CPU.ActiveCfg = Release|Any CPU
		{C05980EF-4BCE-49B2-9D73-FC54C474A2E0}.Release|Any CPU.Build.0 = Release|Any CPU
		{8972665F-5270-4937-89CE-B6190EF3E227}.Debug|Any CPU.ActiveCfg = Debug|Any CPU
		{8972665F-5270-4937-89CE-B6190EF3E227}.Debug|Any CPU.Build.0 = Debug|Any CPU
		{8972665F-5270-4937-89CE-B6190EF3E227}.Release|Any CPU.ActiveCfg = Release|Any CPU
		{8972665F-5270-4937-89CE-B6190EF3E227}.Release|Any CPU.Build.0 = Release|Any CPU
		{3EE32CEF-F3BB-4C7A-8092-0472586EA157}.Debug|Any CPU.ActiveCfg = Debug|Any CPU
		{3EE32CEF-F3BB-4C7A-8092-0472586EA157}.Debug|Any CPU.Build.0 = Debug|Any CPU
		{3EE32CEF-F3BB-4C7A-8092-0472586EA157}.Release|Any CPU.ActiveCfg = Release|Any CPU
		{3EE32CEF-F3BB-4C7A-8092-0472586EA157}.Release|Any CPU.Build.0 = Release|Any CPU
		{E8DB0C93-9C16-4E33-A2EA-4E87F2B1AB23}.Debug|Any CPU.ActiveCfg = Debug|Any CPU
		{E8DB0C93-9C16-4E33-A2EA-4E87F2B1AB23}.Debug|Any CPU.Build.0 = Debug|Any CPU
		{E8DB0C93-9C16-4E33-A2EA-4E87F2B1AB23}.Release|Any CPU.ActiveCfg = Release|Any CPU
		{E8DB0C93-9C16-4E33-A2EA-4E87F2B1AB23}.Release|Any CPU.Build.0 = Release|Any CPU
		{DC907476-00C6-4467-B497-2F3F452FAE19}.Debug|Any CPU.ActiveCfg = Debug|Any CPU
		{DC907476-00C6-4467-B497-2F3F452FAE19}.Debug|Any CPU.Build.0 = Debug|Any CPU
		{DC907476-00C6-4467-B497-2F3F452FAE19}.Release|Any CPU.ActiveCfg = Release|Any CPU
		{DC907476-00C6-4467-B497-2F3F452FAE19}.Release|Any CPU.Build.0 = Release|Any CPU
		{23133AB9-2D9D-40F2-9E0A-8657ED3B3803}.Debug|Any CPU.ActiveCfg = Debug|Any CPU
		{23133AB9-2D9D-40F2-9E0A-8657ED3B3803}.Debug|Any CPU.Build.0 = Debug|Any CPU
		{23133AB9-2D9D-40F2-9E0A-8657ED3B3803}.Release|Any CPU.ActiveCfg = Release|Any CPU
		{23133AB9-2D9D-40F2-9E0A-8657ED3B3803}.Release|Any CPU.Build.0 = Release|Any CPU
		{7C662031-13D0-4E57-9820-D1240544A88F}.Debug|Any CPU.ActiveCfg = Debug|Any CPU
		{7C662031-13D0-4E57-9820-D1240544A88F}.Debug|Any CPU.Build.0 = Debug|Any CPU
		{7C662031-13D0-4E57-9820-D1240544A88F}.Release|Any CPU.ActiveCfg = Release|Any CPU
		{7C662031-13D0-4E57-9820-D1240544A88F}.Release|Any CPU.Build.0 = Release|Any CPU
		{2363517C-D246-4137-A0BB-FCE0730651E3}.Debug|Any CPU.ActiveCfg = Debug|Any CPU
		{2363517C-D246-4137-A0BB-FCE0730651E3}.Debug|Any CPU.Build.0 = Debug|Any CPU
		{2363517C-D246-4137-A0BB-FCE0730651E3}.Release|Any CPU.ActiveCfg = Release|Any CPU
		{2363517C-D246-4137-A0BB-FCE0730651E3}.Release|Any CPU.Build.0 = Release|Any CPU
		{8B3C2713-BC0F-4047-AF11-432DDAA0D7A4}.Debug|Any CPU.ActiveCfg = Debug|Any CPU
		{8B3C2713-BC0F-4047-AF11-432DDAA0D7A4}.Debug|Any CPU.Build.0 = Debug|Any CPU
		{8B3C2713-BC0F-4047-AF11-432DDAA0D7A4}.Release|Any CPU.ActiveCfg = Release|Any CPU
		{8B3C2713-BC0F-4047-AF11-432DDAA0D7A4}.Release|Any CPU.Build.0 = Release|Any CPU
	EndGlobalSection
	GlobalSection(SolutionProperties) = preSolution
		HideSolutionNode = FALSE
	EndGlobalSection
	GlobalSection(NestedProjects) = preSolution
		{17767278-E704-4514-8335-8078E13F2FB3} = {539A8067-53DB-48F9-9E89-C16E923EEACB}
		{C58F5135-6A2B-46B4-86A3-D78C2E3DDF44} = {17767278-E704-4514-8335-8078E13F2FB3}
		{34C3A9BE-5735-4409-AE29-F195E8D7ACAE} = {539A8067-53DB-48F9-9E89-C16E923EEACB}
		{C05980EF-4BCE-49B2-9D73-FC54C474A2E0} = {34C3A9BE-5735-4409-AE29-F195E8D7ACAE}
		{1052B32D-A83F-4372-A00C-B54CC2A6E65E} = {539A8067-53DB-48F9-9E89-C16E923EEACB}
		{8972665F-5270-4937-89CE-B6190EF3E227} = {1052B32D-A83F-4372-A00C-B54CC2A6E65E}
		{3EE32CEF-F3BB-4C7A-8092-0472586EA157} = {1052B32D-A83F-4372-A00C-B54CC2A6E65E}
		{95CD9B8D-C227-4B4B-A59F-DC4CEDBECA26} = {539A8067-53DB-48F9-9E89-C16E923EEACB}
		{E8DB0C93-9C16-4E33-A2EA-4E87F2B1AB23} = {95CD9B8D-C227-4B4B-A59F-DC4CEDBECA26}
		{DC907476-00C6-4467-B497-2F3F452FAE19} = {95CD9B8D-C227-4B4B-A59F-DC4CEDBECA26}
		{23133AB9-2D9D-40F2-9E0A-8657ED3B3803} = {95CD9B8D-C227-4B4B-A59F-DC4CEDBECA26}
		{7C662031-13D0-4E57-9820-D1240544A88F} = {95CD9B8D-C227-4B4B-A59F-DC4CEDBECA26}
		{2363517C-D246-4137-A0BB-FCE0730651E3} = {4049219E-E04B-480A-87CE-B454D3F9098F}
		{8B3C2713-BC0F-4047-AF11-432DDAA0D7A4} = {F932FA6A-5F86-471B-A824-F90A6B633232}
	EndGlobalSection
	GlobalSection(ExtensibilityGlobals) = postSolution
		SolutionGuid = {A8A53FE5-FB9F-4438-8F1C-06E84EAEB074}
	EndGlobalSection
EndGlobal
